// !$*UTF8*$!
{
	archiveVersion = 1;
	classes = {
	};
	objectVersion = 46;
	objects = {

/* Begin PBXBuildFile section */
		AE077F2519534412003BFD8C /* Images.xcassets in Resources */ = {isa = PBXBuildFile; fileRef = AE077F1819534412003BFD8C /* Images.xcassets */; };
		AE077F2719534412003BFD8C /* Main.storyboard in Resources */ = {isa = PBXBuildFile; fileRef = AE077F1B19534412003BFD8C /* Main.storyboard */; };
		AE077F2819534412003BFD8C /* AppDelegate.swift in Sources */ = {isa = PBXBuildFile; fileRef = AE077F1E19534412003BFD8C /* AppDelegate.swift */; };
		AE077F2919534412003BFD8C /* ViewController.swift in Sources */ = {isa = PBXBuildFile; fileRef = AE077F2019534412003BFD8C /* ViewController.swift */; };
		AE854EC9195344F100199AE9 /* FindMyPetTests.swift in Sources */ = {isa = PBXBuildFile; fileRef = AE077F2319534412003BFD8C /* FindMyPetTests.swift */; };
/* End PBXBuildFile section */

/* Begin PBXContainerItemProxy section */
		AE077F08195341EF003BFD8C /* PBXContainerItemProxy */ = {
			isa = PBXContainerItemProxy;
			containerPortal = AE077EED195341EF003BFD8C /* Project object */;
			proxyType = 1;
			remoteGlobalIDString = AE077EF4195341EF003BFD8C;
			remoteInfo = FindMyPet;
		};
/* End PBXContainerItemProxy section */

/* Begin PBXFileReference section */
		AE077EF5195341EF003BFD8C /* FindMyPet.app */ = {isa = PBXFileReference; explicitFileType = wrapper.application; includeInIndex = 0; path = FindMyPet.app; sourceTree = BUILT_PRODUCTS_DIR; };
		AE077F07195341EF003BFD8C /* FindMyPetTests.xctest */ = {isa = PBXFileReference; explicitFileType = wrapper.cfbundle; includeInIndex = 0; path = FindMyPetTests.xctest; sourceTree = BUILT_PRODUCTS_DIR; };
		AE077F1819534412003BFD8C /* Images.xcassets */ = {isa = PBXFileReference; lastKnownFileType = folder.assetcatalog; path = Images.xcassets; sourceTree = "<group>"; };
		AE077F1919534412003BFD8C /* Info.plist */ = {isa = PBXFileReference; fileEncoding = 4; lastKnownFileType = text.plist.xml; path = Info.plist; sourceTree = "<group>"; };
		AE077F1C19534412003BFD8C /* Base */ = {isa = PBXFileReference; lastKnownFileType = file.storyboard; name = Base; path = Base.lproj/Main.storyboard; sourceTree = "<group>"; };
		AE077F1E19534412003BFD8C /* AppDelegate.swift */ = {isa = PBXFileReference; fileEncoding = 4; lastKnownFileType = sourcecode.swift; path = AppDelegate.swift; sourceTree = "<group>"; };
		AE077F2019534412003BFD8C /* ViewController.swift */ = {isa = PBXFileReference; fileEncoding = 4; lastKnownFileType = sourcecode.swift; path = ViewController.swift; sourceTree = "<group>"; };
		AE077F2319534412003BFD8C /* FindMyPetTests.swift */ = {isa = PBXFileReference; fileEncoding = 4; lastKnownFileType = sourcecode.swift; path = FindMyPetTests.swift; sourceTree = "<group>"; };
		AE077F2419534412003BFD8C /* Info.plist */ = {isa = PBXFileReference; fileEncoding = 4; lastKnownFileType = text.plist.xml; path = Info.plist; sourceTree = "<group>"; };
/* End PBXFileReference section */

/* Begin PBXFrameworksBuildPhase section */
		AE077EF2195341EF003BFD8C /* Frameworks */ = {
			isa = PBXFrameworksBuildPhase;
			buildActionMask = 2147483647;
			files = (
			);
			runOnlyForDeploymentPostprocessing = 0;
		};
		AE077F04195341EF003BFD8C /* Frameworks */ = {
			isa = PBXFrameworksBuildPhase;
			buildActionMask = 2147483647;
			files = (
			);
			runOnlyForDeploymentPostprocessing = 0;
		};
/* End PBXFrameworksBuildPhase section */

/* Begin PBXGroup section */
		AE077EEC195341EF003BFD8C = {
			isa = PBXGroup;
			children = (
				AE077F1719534412003BFD8C /* Resources */,
				AE077F1D19534412003BFD8C /* Source */,
				AE077F2119534412003BFD8C /* Tests */,
				AE077EF6195341EF003BFD8C /* Products */,
			);
			sourceTree = "<group>";
		};
		AE077EF6195341EF003BFD8C /* Products */ = {
			isa = PBXGroup;
			children = (
				AE077EF5195341EF003BFD8C /* FindMyPet.app */,
				AE077F07195341EF003BFD8C /* FindMyPetTests.xctest */,
			);
			name = Products;
			sourceTree = "<group>";
		};
		AE077F1719534412003BFD8C /* Resources */ = {
			isa = PBXGroup;
			children = (
				AE077F1819534412003BFD8C /* Images.xcassets */,
				AE077F1919534412003BFD8C /* Info.plist */,
				AE077F1A19534412003BFD8C /* Strings */,
			);
			path = Resources;
			sourceTree = "<group>";
		};
		AE077F1A19534412003BFD8C /* Strings */ = {
			isa = PBXGroup;
			children = (
				AE077F1B19534412003BFD8C /* Main.storyboard */,
			);
			path = Strings;
			sourceTree = "<group>";
		};
		AE077F1D19534412003BFD8C /* Source */ = {
			isa = PBXGroup;
			children = (
				AE077F1E19534412003BFD8C /* AppDelegate.swift */,
				AE077F2019534412003BFD8C /* ViewController.swift */,
			);
			path = Source;
			sourceTree = "<group>";
		};
		AE077F2119534412003BFD8C /* Tests */ = {
			isa = PBXGroup;
			children = (
				AE077F2219534412003BFD8C /* FindMyPetTests */,
			);
			path = Tests;
			sourceTree = "<group>";
		};
		AE077F2219534412003BFD8C /* FindMyPetTests */ = {
			isa = PBXGroup;
			children = (
				AE077F2319534412003BFD8C /* FindMyPetTests.swift */,
				AE077F2419534412003BFD8C /* Info.plist */,
			);
			path = FindMyPetTests;
			sourceTree = "<group>";
		};
/* End PBXGroup section */

/* Begin PBXNativeTarget section */
		AE077EF4195341EF003BFD8C /* FindMyPet */ = {
			isa = PBXNativeTarget;
			buildConfigurationList = AE077F11195341EF003BFD8C /* Build configuration list for PBXNativeTarget "FindMyPet" */;
			buildPhases = (
				AE077EF1195341EF003BFD8C /* Sources */,
				AE077EF2195341EF003BFD8C /* Frameworks */,
				AE077EF3195341EF003BFD8C /* Resources */,
			);
			buildRules = (
			);
			dependencies = (
			);
			name = FindMyPet;
			productName = FindMyPet;
			productReference = AE077EF5195341EF003BFD8C /* FindMyPet.app */;
			productType = "com.apple.product-type.application";
		};
		AE077F06195341EF003BFD8C /* FindMyPetTests */ = {
			isa = PBXNativeTarget;
			buildConfigurationList = AE077F14195341EF003BFD8C /* Build configuration list for PBXNativeTarget "FindMyPetTests" */;
			buildPhases = (
				AE077F03195341EF003BFD8C /* Sources */,
				AE077F04195341EF003BFD8C /* Frameworks */,
				AE077F05195341EF003BFD8C /* Resources */,
			);
			buildRules = (
			);
			dependencies = (
				AE077F09195341EF003BFD8C /* PBXTargetDependency */,
			);
			name = FindMyPetTests;
			productName = FindMyPetTests;
			productReference = AE077F07195341EF003BFD8C /* FindMyPetTests.xctest */;
			productType = "com.apple.product-type.bundle.unit-test";
		};
/* End PBXNativeTarget section */

/* Begin PBXProject section */
		AE077EED195341EF003BFD8C /* Project object */ = {
			isa = PBXProject;
			attributes = {
				LastUpgradeCheck = 0600;
				ORGANIZATIONNAME = "Frothy Software";
				TargetAttributes = {
					AE077EF4195341EF003BFD8C = {
						CreatedOnToolsVersion = 6.0;
					};
					AE077F06195341EF003BFD8C = {
						CreatedOnToolsVersion = 6.0;
						TestTargetID = AE077EF4195341EF003BFD8C;
					};
				};
			};
			buildConfigurationList = AE077EF0195341EF003BFD8C /* Build configuration list for PBXProject "FindMyPet" */;
			compatibilityVersion = "Xcode 3.2";
			developmentRegion = English;
			hasScannedForEncodings = 0;
			knownRegions = (
				en,
				Base,
			);
			mainGroup = AE077EEC195341EF003BFD8C;
			productRefGroup = AE077EF6195341EF003BFD8C /* Products */;
			projectDirPath = "";
			projectRoot = "";
			targets = (
				AE077EF4195341EF003BFD8C /* FindMyPet */,
				AE077F06195341EF003BFD8C /* FindMyPetTests */,
			);
		};
/* End PBXProject section */

/* Begin PBXResourcesBuildPhase section */
		AE077EF3195341EF003BFD8C /* Resources */ = {
			isa = PBXResourcesBuildPhase;
			buildActionMask = 2147483647;
			files = (
				AE077F2719534412003BFD8C /* Main.storyboard in Resources */,
				AE077F2519534412003BFD8C /* Images.xcassets in Resources */,
			);
			runOnlyForDeploymentPostprocessing = 0;
		};
		AE077F05195341EF003BFD8C /* Resources */ = {
			isa = PBXResourcesBuildPhase;
			buildActionMask = 2147483647;
			files = (
			);
			runOnlyForDeploymentPostprocessing = 0;
		};
/* End PBXResourcesBuildPhase section */

/* Begin PBXSourcesBuildPhase section */
		AE077EF1195341EF003BFD8C /* Sources */ = {
			isa = PBXSourcesBuildPhase;
			buildActionMask = 2147483647;
			files = (
				AE077F2819534412003BFD8C /* AppDelegate.swift in Sources */,
				AE077F2919534412003BFD8C /* ViewController.swift in Sources */,
			);
			runOnlyForDeploymentPostprocessing = 0;
		};
		AE077F03195341EF003BFD8C /* Sources */ = {
			isa = PBXSourcesBuildPhase;
			buildActionMask = 2147483647;
			files = (
				AE854EC9195344F100199AE9 /* FindMyPetTests.swift in Sources */,
			);
			runOnlyForDeploymentPostprocessing = 0;
		};
/* End PBXSourcesBuildPhase section */

/* Begin PBXTargetDependency section */
		AE077F09195341EF003BFD8C /* PBXTargetDependency */ = {
			isa = PBXTargetDependency;
			target = AE077EF4195341EF003BFD8C /* FindMyPet */;
			targetProxy = AE077F08195341EF003BFD8C /* PBXContainerItemProxy */;
		};
/* End PBXTargetDependency section */

/* Begin PBXVariantGroup section */
		AE077F1B19534412003BFD8C /* Main.storyboard */ = {
			isa = PBXVariantGroup;
			children = (
				AE077F1C19534412003BFD8C /* Base */,
			);
			name = Main.storyboard;
			sourceTree = "<group>";
		};
/* End PBXVariantGroup section */

/* Begin XCBuildConfiguration section */
		AE077F0F195341EF003BFD8C /* Debug */ = {
			isa = XCBuildConfiguration;
			buildSettings = {
				ALWAYS_SEARCH_USER_PATHS = NO;
				CLANG_CXX_LANGUAGE_STANDARD = "gnu++0x";
				CLANG_CXX_LIBRARY = "libc++";
				CLANG_ENABLE_MODULES = YES;
				CLANG_ENABLE_OBJC_ARC = YES;
				CLANG_WARN_BOOL_CONVERSION = YES;
				CLANG_WARN_CONSTANT_CONVERSION = YES;
				CLANG_WARN_DIRECT_OBJC_ISA_USAGE = YES_ERROR;
				CLANG_WARN_EMPTY_BODY = YES;
				CLANG_WARN_ENUM_CONVERSION = YES;
				CLANG_WARN_INT_CONVERSION = YES;
				CLANG_WARN_OBJC_ROOT_CLASS = YES_ERROR;
				CLANG_WARN_UNREACHABLE_CODE = YES;
				CLANG_WARN__DUPLICATE_METHOD_MATCH = YES;
				"CODE_SIGN_IDENTITY[sdk=iphoneos*]" = "iPhone Developer";
				COPY_PHASE_STRIP = NO;
				ENABLE_STRICT_OBJC_MSGSEND = YES;
				GCC_C_LANGUAGE_STANDARD = gnu99;
				GCC_DYNAMIC_NO_PIC = NO;
				GCC_OPTIMIZATION_LEVEL = 0;
				GCC_PREPROCESSOR_DEFINITIONS = (
					"DEBUG=1",
					"$(inherited)",
				);
				GCC_SYMBOLS_PRIVATE_EXTERN = NO;
				GCC_WARN_64_TO_32_BIT_CONVERSION = YES;
				GCC_WARN_ABOUT_RETURN_TYPE = YES_ERROR;
				GCC_WARN_UNDECLARED_SELECTOR = YES;
				GCC_WARN_UNINITIALIZED_AUTOS = YES_AGGRESSIVE;
				GCC_WARN_UNUSED_FUNCTION = YES;
				GCC_WARN_UNUSED_VARIABLE = YES;
				IPHONEOS_DEPLOYMENT_TARGET = 8.0;
				METAL_ENABLE_DEBUG_INFO = YES;
				ONLY_ACTIVE_ARCH = YES;
				SDKROOT = iphoneos;
				SWIFT_OPTIMIZATION_LEVEL = "-Onone";
				TARGETED_DEVICE_FAMILY = "1,2";
			};
			name = Debug;
		};
		AE077F10195341EF003BFD8C /* Release */ = {
			isa = XCBuildConfiguration;
			buildSettings = {
				ALWAYS_SEARCH_USER_PATHS = NO;
				CLANG_CXX_LANGUAGE_STANDARD = "gnu++0x";
				CLANG_CXX_LIBRARY = "libc++";
				CLANG_ENABLE_MODULES = YES;
				CLANG_ENABLE_OBJC_ARC = YES;
				CLANG_WARN_BOOL_CONVERSION = YES;
				CLANG_WARN_CONSTANT_CONVERSION = YES;
				CLANG_WARN_DIRECT_OBJC_ISA_USAGE = YES_ERROR;
				CLANG_WARN_EMPTY_BODY = YES;
				CLANG_WARN_ENUM_CONVERSION = YES;
				CLANG_WARN_INT_CONVERSION = YES;
				CLANG_WARN_OBJC_ROOT_CLASS = YES_ERROR;
				CLANG_WARN_UNREACHABLE_CODE = YES;
				CLANG_WARN__DUPLICATE_METHOD_MATCH = YES;
				"CODE_SIGN_IDENTITY[sdk=iphoneos*]" = "iPhone Developer";
				COPY_PHASE_STRIP = YES;
				ENABLE_NS_ASSERTIONS = NO;
				ENABLE_STRICT_OBJC_MSGSEND = YES;
				GCC_C_LANGUAGE_STANDARD = gnu99;
				GCC_WARN_64_TO_32_BIT_CONVERSION = YES;
				GCC_WARN_ABOUT_RETURN_TYPE = YES_ERROR;
				GCC_WARN_UNDECLARED_SELECTOR = YES;
				GCC_WARN_UNINITIALIZED_AUTOS = YES_AGGRESSIVE;
				GCC_WARN_UNUSED_FUNCTION = YES;
				GCC_WARN_UNUSED_VARIABLE = YES;
				IPHONEOS_DEPLOYMENT_TARGET = 8.0;
				METAL_ENABLE_DEBUG_INFO = NO;
				SDKROOT = iphoneos;
				TARGETED_DEVICE_FAMILY = "1,2";
				VALIDATE_PRODUCT = YES;
			};
			name = Release;
		};
		AE077F12195341EF003BFD8C /* Debug */ = {
			isa = XCBuildConfiguration;
			buildSettings = {
				ASSETCATALOG_COMPILER_APPICON_NAME = AppIcon;
				ASSETCATALOG_COMPILER_LAUNCHIMAGE_NAME = LaunchImage;
				INFOPLIST_FILE = Resources/Info.plist;
				LD_RUNPATH_SEARCH_PATHS = "$(inherited) @executable_path/Frameworks";
				PRODUCT_NAME = "$(TARGET_NAME)";
			};
			name = Debug;
		};
		AE077F13195341EF003BFD8C /* Release */ = {
			isa = XCBuildConfiguration;
			buildSettings = {
				ASSETCATALOG_COMPILER_APPICON_NAME = AppIcon;
				ASSETCATALOG_COMPILER_LAUNCHIMAGE_NAME = LaunchImage;
				INFOPLIST_FILE = Resources/Info.plist;
				LD_RUNPATH_SEARCH_PATHS = "$(inherited) @executable_path/Frameworks";
				PRODUCT_NAME = "$(TARGET_NAME)";
			};
			name = Release;
		};
		AE077F15195341EF003BFD8C /* Debug */ = {
			isa = XCBuildConfiguration;
			buildSettings = {
				BUNDLE_LOADER = "$(BUILT_PRODUCTS_DIR)/FindMyPet.app/FindMyPet";
				FRAMEWORK_SEARCH_PATHS = (
					"$(SDKROOT)/Developer/Library/Frameworks",
					"$(inherited)",
				);
				GCC_PREPROCESSOR_DEFINITIONS = (
					"DEBUG=1",
					"$(inherited)",
				);
				INFOPLIST_FILE = FindMyPetTests/Info.plist;
				LD_RUNPATH_SEARCH_PATHS = "$(inherited) @executable_path/Frameworks @loader_path/Frameworks";
				METAL_ENABLE_DEBUG_INFO = YES;
				PRODUCT_NAME = "$(TARGET_NAME)";
				TEST_HOST = "$(BUNDLE_LOADER)";
			};
			name = Debug;
		};
		AE077F16195341EF003BFD8C /* Release */ = {
			isa = XCBuildConfiguration;
			buildSettings = {
				BUNDLE_LOADER = "$(BUILT_PRODUCTS_DIR)/FindMyPet.app/FindMyPet";
				FRAMEWORK_SEARCH_PATHS = (
					"$(SDKROOT)/Developer/Library/Frameworks",
					"$(inherited)",
				);
				INFOPLIST_FILE = FindMyPetTests/Info.plist;
				LD_RUNPATH_SEARCH_PATHS = "$(inherited) @executable_path/Frameworks @loader_path/Frameworks";
				METAL_ENABLE_DEBUG_INFO = NO;
				PRODUCT_NAME = "$(TARGET_NAME)";
				TEST_HOST = "$(BUNDLE_LOADER)";
			};
			name = Release;
		};
/* End XCBuildConfiguration section */

/* Begin XCConfigurationList section */
		AE077EF0195341EF003BFD8C /* Build configuration list for PBXProject "FindMyPet" */ = {
			isa = XCConfigurationList;
			buildConfigurations = (
				AE077F0F195341EF003BFD8C /* Debug */,
				AE077F10195341EF003BFD8C /* Release */,
			);
			defaultConfigurationIsVisible = 0;
			defaultConfigurationName = Release;
		};
		AE077F11195341EF003BFD8C /* Build configuration list for PBXNativeTarget "FindMyPet" */ = {
			isa = XCConfigurationList;
			buildConfigurations = (
				AE077F12195341EF003BFD8C /* Debug */,
				AE077F13195341EF003BFD8C /* Release */,
			);
			defaultConfigurationIsVisible = 0;
			defaultConfigurationName = Release;
		};
		AE077F14195341EF003BFD8C /* Build configuration list for PBXNativeTarget "FindMyPetTests" */ = {
			isa = XCConfigurationList;
			buildConfigurations = (
				AE077F15195341EF003BFD8C /* Debug */,
				AE077F16195341EF003BFD8C /* Release */,
			);
			defaultConfigurationIsVisible = 0;
			defaultConfigurationName = Release;
		};
/* End XCConfigurationList section */
	};
	rootObject = AE077EED195341EF003BFD8C /* Project object */;
}
